{
	"name": "ultraviolet-static",
	"version": "1.0.0",
	"lockfileVersion": 2,
	"requires": true,
	"packages": {
		"": {
			"name": "ultraviolet-static",
			"version": "1.0.0",
			"dependencies": {
				"fs-extra": "^10.1.0",
				"ultraviolet": "https://github.com/titaniumnetwork-development/Ultraviolet/releases/download/v1.0.1/ultraviolet-1.0.1.tgz"
			}
		},
		"node_modules/@types/estree": {
			"version": "0.0.46",
			"resolved": "https://registry.npmjs.org/@types/estree/-/estree-0.0.46.tgz",
			"integrity": "sha512-laIjwTQaD+5DukBZaygQ79K1Z0jb1bPEMRrkXSLjtCcZm+abyp5YbrqpSLzD42FwWW6gK/aS4NYpJ804nG2brg=="
		},
		"node_modules/bowser": {
			"version": "2.11.0",
			"resolved": "https://registry.npmjs.org/bowser/-/bowser-2.11.0.tgz",
			"integrity": "sha512-AlcaJBi/pqqJBIQ8U9Mcpc9i8Aqxn88Skv5d+xBX006BY5u8N3mGLHa5Lgppa7L/HfwgwLgZ6NYs+Ag6uUmJRA=="
		},
		"node_modules/css-tree": {
			"version": "2.2.1",
			"resolved": "https://registry.npmjs.org/css-tree/-/css-tree-2.2.1.tgz",
			"integrity": "sha512-OA0mILzGc1kCOCSJerOeqDxDQ4HOh+G8NbOJFOTgOCzpw7fCBubk0fEyxp8AgOL/jvLgYA/uV0cMbe43ElF1JA==",
			"dependencies": {
				"mdn-data": "2.0.28",
				"source-map-js": "^1.0.1"
			},
			"engines": {
				"node": "^10 || ^12.20.0 || ^14.13.0 || >=15.0.0",
				"npm": ">=7.0.0"
			}
		},
		"node_modules/esotope-hammerhead": {
			"version": "0.6.2",
			"resolved": "https://registry.npmjs.org/esotope-hammerhead/-/esotope-hammerhead-0.6.2.tgz",
			"integrity": "sha512-SJdxje3PBgYRnHKfoTdjB9Q32vHLiuJABSvTXVBHVpzTz+uIgpkrMcXD1Y0i2k1gplPNyJ62gA8k8/f08FvFsg==",
			"dependencies": {
				"@types/estree": "0.0.46"
			}
		},
		"node_modules/fs-extra": {
			"version": "10.1.0",
			"resolved": "https://registry.npmjs.org/fs-extra/-/fs-extra-10.1.0.tgz",
			"integrity": "sha512-oRXApq54ETRj4eMiFzGnHWGy+zo5raudjuxN0b8H7s/RU2oW0Wvsx9O0ACRN/kRq9E8Vu/ReskGB5o3ji+FzHQ==",
			"dependencies": {
				"graceful-fs": "^4.2.0",
				"jsonfile": "^6.0.1",
				"universalify": "^2.0.0"
			},
			"engines": {
				"node": ">=12"
			}
		},
		"node_modules/graceful-fs": {
			"version": "4.2.10",
			"resolved": "https://registry.npmjs.org/graceful-fs/-/graceful-fs-4.2.10.tgz",
			"integrity": "sha512-9ByhssR2fPVsNZj478qUUbKfmL0+t5BDVyjShtyZZLiK7ZDAArFFfopyOTj0M05wE2tJPisA4iTnnXl2YoPvOA=="
		},
		"node_modules/idb": {
			"version": "7.0.2",
			"resolved": "https://registry.npmjs.org/idb/-/idb-7.0.2.tgz",
			"integrity": "sha512-jjKrT1EnyZewQ/gCBb/eyiYrhGzws2FeY92Yx8qT9S9GeQAmo4JFVIiWRIfKW/6Ob9A+UDAOW9j9jn58fy2HIg=="
		},
		"node_modules/jsonfile": {
			"version": "6.1.0",
			"resolved": "https://registry.npmjs.org/jsonfile/-/jsonfile-6.1.0.tgz",
			"integrity": "sha512-5dgndWOriYSm5cnYaJNhalLNDKOqFwyDB/rr1E9ZsGciGvKPs8R2xYGCacuf3z6K1YKDz182fd+fY3cn3pMqXQ==",
			"dependencies": {
				"universalify": "^2.0.0"
			},
			"optionalDependencies": {
				"graceful-fs": "^4.1.6"
			}
		},
		"node_modules/mdn-data": {
			"version": "2.0.28",
			"resolved": "https://registry.npmjs.org/mdn-data/-/mdn-data-2.0.28.tgz",
			"integrity": "sha512-aylIc7Z9y4yzHYAJNuESG3hfhC+0Ibp/MAMiaOZgNv4pmEdFyfZhhhny4MNiAfWdBQ1RQ2mfDWmM1x8SvGyp8g=="
		},
		"node_modules/meriyah": {
			"version": "4.3.1",
			"resolved": "https://registry.npmjs.org/meriyah/-/meriyah-4.3.1.tgz",
			"integrity": "sha512-GavhDfCWvDFp0u920nJeCsgPvzuy+nK381Gp0B5ER7TJooYpjDngkHIwPShqPqzQhL4UodmYTADOW+IaAbuN7w==",
			"engines": {
				"node": ">=10.4.0"
			}
		},
		"node_modules/mime-db": {
			"version": "1.52.0",
			"resolved": "https://registry.npmjs.org/mime-db/-/mime-db-1.52.0.tgz",
			"integrity": "sha512-sPU4uV7dYlvtWJxwwxHD0PuihVNiE7TyAbQ5SWxDCB9mUYvOgroQOwYQQOKPJ8CIbE+1ETVlOoK1UC2nU3gYvg==",
			"engines": {
				"node": ">= 0.6"
			}
		},
		"node_modules/parse5": {
			"version": "6.0.1",
			"resolved": "https://registry.npmjs.org/parse5/-/parse5-6.0.1.tgz",
			"integrity": "sha512-Ofn/CTFzRGTTxwpNEs9PP93gXShHcTq255nzRYSKe8AkVpZY7e1fpmTfOyoIvjP5HG7Z2ZM7VS9PPhQGW2pOpw=="
		},
		"node_modules/set-cookie-parser": {
			"version": "2.5.1",
			"resolved": "https://registry.npmjs.org/set-cookie-parser/-/set-cookie-parser-2.5.1.tgz",
			"integrity": "sha512-1jeBGaKNGdEq4FgIrORu/N570dwoPYio8lSoYLWmX7sQ//0JY08Xh9o5pBcgmHQ/MbsYp/aZnOe1s1lIsbLprQ=="
		},
		"node_modules/source-map-js": {
			"version": "1.0.2",
			"resolved": "https://registry.npmjs.org/source-map-js/-/source-map-js-1.0.2.tgz",
			"integrity": "sha512-R0XvVJ9WusLiqTCEiGCmICCMplcCkIwwR11mOSD9CR5u+IXYdiseeEuXCVAjS54zqwkLcPNnmU4OeJ6tUrWhDw==",
			"engines": {
				"node": ">=0.10.0"
			}
		},
		"node_modules/ultraviolet": {
			"version": "1.0.1",
			"resolved": "https://github.com/titaniumnetwork-development/Ultraviolet/releases/download/v1.0.1/ultraviolet-1.0.1.tgz",
			"integrity": "sha512-kx+oXojmQnV9XJeta3RTGhZEw50UL4hTP750ewoGaCB9E2o4YJAom8ZfOGL02BxMrvut1D6iId5iDn7B+SyvrA==",
			"license": "ISC",
			"dependencies": {
				"bowser": "^2.11.0",
				"css-tree": "^2.0.4",
				"esotope-hammerhead": "^0.6.1",
				"idb": "^7.0.0",
				"meriyah": "^4.2.0",
				"mime-db": "^1.51.0",
				"parse5": "^6.0.1",
				"set-cookie-parser": "^2.4.8"
			}
		},
		"node_modules/universalify": {
			"version": "2.0.0",
			"resolved": "https://registry.npmjs.org/universalify/-/universalify-2.0.0.tgz",
			"integrity": "sha512-hAZsKq7Yy11Zu1DE0OzWjw7nnLZmJZYTDZZyEFHZdUhV8FkH5MCfoU1XMaxXovpyW5nq5scPqq0ZDP9Zyl04oQ==",
			"engines": {
				"node": ">= 10.0.0"
			}
		}
	},
	"dependencies": {
		"@types/estree": {
			"version": "0.0.46",
			"resolved": "https://registry.npmjs.org/@types/estree/-/estree-0.0.46.tgz",
			"integrity": "sha512-laIjwTQaD+5DukBZaygQ79K1Z0jb1bPEMRrkXSLjtCcZm+abyp5YbrqpSLzD42FwWW6gK/aS4NYpJ804nG2brg=="
		},
		"bowser": {
			"version": "2.11.0",
			"resolved": "https://registry.npmjs.org/bowser/-/bowser-2.11.0.tgz",
			"integrity": "sha512-AlcaJBi/pqqJBIQ8U9Mcpc9i8Aqxn88Skv5d+xBX006BY5u8N3mGLHa5Lgppa7L/HfwgwLgZ6NYs+Ag6uUmJRA=="
		},
		"css-tree": {
			"version": "2.2.1",
			"resolved": "https://registry.npmjs.org/css-tree/-/css-tree-2.2.1.tgz",
			"integrity": "sha512-OA0mILzGc1kCOCSJerOeqDxDQ4HOh+G8NbOJFOTgOCzpw7fCBubk0fEyxp8AgOL/jvLgYA/uV0cMbe43ElF1JA==",
			"requires": {
				"mdn-data": "2.0.28",
				"source-map-js": "^1.0.1"
			}
		},
		"esotope-hammerhead": {
			"version": "0.6.2",
			"resolved": "https://registry.npmjs.org/esotope-hammerhead/-/esotope-hammerhead-0.6.2.tgz",
			"integrity": "sha512-SJdxje3PBgYRnHKfoTdjB9Q32vHLiuJABSvTXVBHVpzTz+uIgpkrMcXD1Y0i2k1gplPNyJ62gA8k8/f08FvFsg==",
			"requires": {
				"@types/estree": "0.0.46"
			}
		},
		"fs-extra": {
			"version": "10.1.0",
			"resolved": "https://registry.npmjs.org/fs-extra/-/fs-extra-10.1.0.tgz",
			"integrity": "sha512-oRXApq54ETRj4eMiFzGnHWGy+zo5raudjuxN0b8H7s/RU2oW0Wvsx9O0ACRN/kRq9E8Vu/ReskGB5o3ji+FzHQ==",
			"requires": {
				"graceful-fs": "^4.2.0",
				"jsonfile": "^6.0.1",
				"universalify": "^2.0.0"
			}
		},
		"graceful-fs": {
			"version": "4.2.10",
			"resolved": "https://registry.npmjs.org/graceful-fs/-/graceful-fs-4.2.10.tgz",
			"integrity": "sha512-9ByhssR2fPVsNZj478qUUbKfmL0+t5BDVyjShtyZZLiK7ZDAArFFfopyOTj0M05wE2tJPisA4iTnnXl2YoPvOA=="
		},
		"idb": {
			"version": "7.0.2",
			"resolved": "https://registry.npmjs.org/idb/-/idb-7.0.2.tgz",
			"integrity": "sha512-jjKrT1EnyZewQ/gCBb/eyiYrhGzws2FeY92Yx8qT9S9GeQAmo4JFVIiWRIfKW/6Ob9A+UDAOW9j9jn58fy2HIg=="
		},
		"jsonfile": {
			"version": "6.1.0",
			"resolved": "https://registry.npmjs.org/jsonfile/-/jsonfile-6.1.0.tgz",
			"integrity": "sha512-5dgndWOriYSm5cnYaJNhalLNDKOqFwyDB/rr1E9ZsGciGvKPs8R2xYGCacuf3z6K1YKDz182fd+fY3cn3pMqXQ==",
			"requires": {
				"graceful-fs": "^4.1.6",
				"universalify": "^2.0.0"
			}
		},
		"mdn-data": {
			"version": "2.0.28",
			"resolved": "https://registry.npmjs.org/mdn-data/-/mdn-data-2.0.28.tgz",
			"integrity": "sha512-aylIc7Z9y4yzHYAJNuESG3hfhC+0Ibp/MAMiaOZgNv4pmEdFyfZhhhny4MNiAfWdBQ1RQ2mfDWmM1x8SvGyp8g=="
		},
		"meriyah": {
			"version": "4.3.1",
			"resolved": "https://registry.npmjs.org/meriyah/-/meriyah-4.3.1.tgz",
			"integrity": "sha512-GavhDfCWvDFp0u920nJeCsgPvzuy+nK381Gp0B5ER7TJooYpjDngkHIwPShqPqzQhL4UodmYTADOW+IaAbuN7w=="
		},
		"mime-db": {
			"version": "1.52.0",
			"resolved": "https://registry.npmjs.org/mime-db/-/mime-db-1.52.0.tgz",
			"integrity": "sha512-sPU4uV7dYlvtWJxwwxHD0PuihVNiE7TyAbQ5SWxDCB9mUYvOgroQOwYQQOKPJ8CIbE+1ETVlOoK1UC2nU3gYvg=="
		},
		"parse5": {
			"version": "6.0.1",
			"resolved": "https://registry.npmjs.org/parse5/-/parse5-6.0.1.tgz",
			"integrity": "sha512-Ofn/CTFzRGTTxwpNEs9PP93gXShHcTq255nzRYSKe8AkVpZY7e1fpmTfOyoIvjP5HG7Z2ZM7VS9PPhQGW2pOpw=="
		},
		"set-cookie-parser": {
			"version": "2.5.1",
			"resolved": "https://registry.npmjs.org/set-cookie-parser/-/set-cookie-parser-2.5.1.tgz",
			"integrity": "sha512-1jeBGaKNGdEq4FgIrORu/N570dwoPYio8lSoYLWmX7sQ//0JY08Xh9o5pBcgmHQ/MbsYp/aZnOe1s1lIsbLprQ=="
		},
		"source-map-js": {
			"version": "1.0.2",
			"resolved": "https://registry.npmjs.org/source-map-js/-/source-map-js-1.0.2.tgz",
			"integrity": "sha512-R0XvVJ9WusLiqTCEiGCmICCMplcCkIwwR11mOSD9CR5u+IXYdiseeEuXCVAjS54zqwkLcPNnmU4OeJ6tUrWhDw=="
		},
		"ultraviolet": {
			"version": "https://github.com/titaniumnetwork-development/Ultraviolet/releases/download/v1.0.1/ultraviolet-1.0.1.tgz",
			"integrity": "sha512-kx+oXojmQnV9XJeta3RTGhZEw50UL4hTP750ewoGaCB9E2o4YJAom8ZfOGL02BxMrvut1D6iId5iDn7B+SyvrA==",
			"requires": {
				"bowser": "^2.11.0",
				"css-tree": "^2.0.4",
				"esotope-hammerhead": "^0.6.1",
				"idb": "^7.0.0",
				"meriyah": "^4.2.0",
				"mime-db": "^1.51.0",
				"parse5": "^6.0.1",
				"set-cookie-parser": "^2.4.8"
			}
		},
		"universalify": {
			"version": "2.0.0",
			"resolved": "https://registry.npmjs.org/universalify/-/universalify-2.0.0.tgz",
			"integrity": "sha512-hAZsKq7Yy11Zu1DE0OzWjw7nnLZmJZYTDZZyEFHZdUhV8FkH5MCfoU1XMaxXovpyW5nq5scPqq0ZDP9Zyl04oQ=="
		}
	}
}
